
Microsoft Visual Studio Solution File, Format Version 12.00
# Visual Studio Version 16
VisualStudioVersion = 25.0.1704.0
MinimumVisualStudioVersion = 10.0.40219.1
Project("{FAE04EC0-301F-11D3-BF4B-00C04F79EFBC}") = "Client", "Client\Client.csproj", "{BD5BDB6F-BD25-4FE5-A5E1-89F7FF3E7BDA}"
EndProject
Project("{FAE04EC0-301F-11D3-BF4B-00C04F79EFBC}") = "Business", "Business\Business.csproj", "{0A46B3D7-CFB5-4B58-B6B8-97584AC6C298}"
EndProject
Project("{FAE04EC0-301F-11D3-BF4B-00C04F79EFBC}") = "Server", "Server\Server.csproj", "{7AF21193-7A52-4871-8C5A-7E8A54F894FE}"
EndProject
Project("{FAE04EC0-301F-11D3-BF4B-00C04F79EFBC}") = "DataLayer", "DataLayer\DataLayer.csproj", "{42E33235-CB54-418D-9FB8-03AF3679A3F3}"
EndProject
Global
	GlobalSection(SolutionConfigurationPlatforms) = preSolution
		Debug|Any CPU = Debug|Any CPU
		Release|Any CPU = Release|Any CPU
	EndGlobalSection
	GlobalSection(ProjectConfigurationPlatforms) = postSolution
		{BD5BDB6F-BD25-4FE5-A5E1-89F7FF3E7BDA}.Debug|Any CPU.ActiveCfg = Debug|Any CPU
		{BD5BDB6F-BD25-4FE5-A5E1-89F7FF3E7BDA}.Debug|Any CPU.Build.0 = Debug|Any CPU
		{BD5BDB6F-BD25-4FE5-A5E1-89F7FF3E7BDA}.Release|Any CPU.ActiveCfg = Release|Any CPU
		{BD5BDB6F-BD25-4FE5-A5E1-89F7FF3E7BDA}.Release|Any CPU.Build.0 = Release|Any CPU
		{0A46B3D7-CFB5-4B58-B6B8-97584AC6C298}.Debug|Any CPU.ActiveCfg = Debug|Any CPU
		{0A46B3D7-CFB5-4B58-B6B8-97584AC6C298}.Debug|Any CPU.Build.0 = Debug|Any CPU
		{0A46B3D7-CFB5-4B58-B6B8-97584AC6C298}.Release|Any CPU.ActiveCfg = Release|Any CPU
		{0A46B3D7-CFB5-4B58-B6B8-97584AC6C298}.Release|Any CPU.Build.0 = Release|Any CPU
		{7AF21193-7A52-4871-8C5A-7E8A54F894FE}.Debug|Any CPU.ActiveCfg = Debug|Any CPU
		{7AF21193-7A52-4871-8C5A-7E8A54F894FE}.Debug|Any CPU.Build.0 = Debug|Any CPU
		{7AF21193-7A52-4871-8C5A-7E8A54F894FE}.Release|Any CPU.ActiveCfg = Release|Any CPU
		{7AF21193-7A52-4871-8C5A-7E8A54F894FE}.Release|Any CPU.Build.0 = Release|Any CPU
		{42E33235-CB54-418D-9FB8-03AF3679A3F3}.Debug|Any CPU.ActiveCfg = Debug|Any CPU
		{42E33235-CB54-418D-9FB8-03AF3679A3F3}.Debug|Any CPU.Build.0 = Debug|Any CPU
		{42E33235-CB54-418D-9FB8-03AF3679A3F3}.Release|Any CPU.ActiveCfg = Release|Any CPU
		{42E33235-CB54-418D-9FB8-03AF3679A3F3}.Release|Any CPU.Build.0 = Release|Any CPU
	EndGlobalSection
	GlobalSection(SolutionProperties) = preSolution
		HideSolutionNode = FALSE
	EndGlobalSection
	GlobalSection(ExtensibilityGlobals) = postSolution
		SolutionGuid = {C66455EA-B223-400B-9DCD-7819B8A14968}
	EndGlobalSection
EndGlobal
